
Microsoft Visual Studio Solution File, Format Version 12.00
# Visual Studio Version 16
VisualStudioVersion = 16.0.30907.101
MinimumVisualStudioVersion = 10.0.40219.1
Project("{FAE04EC0-301F-11D3-BF4B-00C04F79EFBC}") = "Pra.Interfaces.Shapes.Core", "Pra.Interfaces.Shapes.Core\Pra.Interfaces.Shapes.Core.csproj", "{43CF04C2-024F-40DA-BE07-6B3B0E9FFA4C}"
EndProject
Global
	GlobalSection(SolutionConfigurationPlatforms) = preSolution
		Debug|Any CPU = Debug|Any CPU
		Release|Any CPU = Release|Any CPU
	EndGlobalSection
	GlobalSection(ProjectConfigurationPlatforms) = postSolution
		{43CF04C2-024F-40DA-BE07-6B3B0E9FFA4C}.Debug|Any CPU.ActiveCfg = Debug|Any CPU
		{43CF04C2-024F-40DA-BE07-6B3B0E9FFA4C}.Debug|Any CPU.Build.0 = Debug|Any CPU
		{43CF04C2-024F-40DA-BE07-6B3B0E9FFA4C}.Release|Any CPU.ActiveCfg = Release|Any CPU
		{43CF04C2-024F-40DA-BE07-6B3B0E9FFA4C}.Release|Any CPU.Build.0 = Release|Any CPU
	EndGlobalSection
	GlobalSection(SolutionProperties) = preSolution
		HideSolutionNode = FALSE
	EndGlobalSection
	GlobalSection(ExtensibilityGlobals) = postSolution
		SolutionGuid = {CBE9613C-7840-4451-B3E0-73381B41BA20}
	EndGlobalSection
EndGlobal
